
Microsoft Visual Studio Solution File, Format Version 12.00
# Visual Studio Version 17
VisualStudioVersion = 17.9.34701.34
MinimumVisualStudioVersion = 10.0.40219.1
Project("{9A19103F-16F7-4668-BE54-9A1E7A4F7556}") = "EncryptProjectTSI", "EncryptProjectTSI\EncryptProjectTSI.csproj", "{3D67DE43-3F75-453B-90C4-1A21C5158A76}"
EndProject
Project("{9A19103F-16F7-4668-BE54-9A1E7A4F7556}") = "EncryptionLibrary", "..\EncryptionLibrary\EncryptionLibrary\EncryptionLibrary.csproj", "{7E68B146-C261-4B9F-B632-E115E20E7A9C}"
EndProject
Global
	GlobalSection(SolutionConfigurationPlatforms) = preSolution
		Debug|Any CPU = Debug|Any CPU
		Release|Any CPU = Release|Any CPU
	EndGlobalSection
	GlobalSection(ProjectConfigurationPlatforms) = postSolution
		{3D67DE43-3F75-453B-90C4-1A21C5158A76}.Debug|Any CPU.ActiveCfg = Debug|Any CPU
		{3D67DE43-3F75-453B-90C4-1A21C5158A76}.Debug|Any CPU.Build.0 = Debug|Any CPU
		{3D67DE43-3F75-453B-90C4-1A21C5158A76}.Release|Any CPU.ActiveCfg = Release|Any CPU
		{3D67DE43-3F75-453B-90C4-1A21C5158A76}.Release|Any CPU.Build.0 = Release|Any CPU
		{7E68B146-C261-4B9F-B632-E115E20E7A9C}.Debug|Any CPU.ActiveCfg = Debug|Any CPU
		{7E68B146-C261-4B9F-B632-E115E20E7A9C}.Debug|Any CPU.Build.0 = Debug|Any CPU
		{7E68B146-C261-4B9F-B632-E115E20E7A9C}.Release|Any CPU.ActiveCfg = Release|Any CPU
		{7E68B146-C261-4B9F-B632-E115E20E7A9C}.Release|Any CPU.Build.0 = Release|Any CPU
	EndGlobalSection
	GlobalSection(SolutionProperties) = preSolution
		HideSolutionNode = FALSE
	EndGlobalSection
	GlobalSection(ExtensibilityGlobals) = postSolution
		SolutionGuid = {3C82F876-1FFC-4C30-8328-C25662C26877}
	EndGlobalSection
EndGlobal
